
Microsoft Visual Studio Solution File, Format Version 12.00
# Visual Studio Version 17
VisualStudioVersion = 17.7.34024.191
MinimumVisualStudioVersion = 10.0.40219.1
Project("{9A19103F-16F7-4668-BE54-9A1E7A4F7556}") = "game", "game.csproj", "{A149694D-D891-4E90-8EDE-C5C1A558629A}"
EndProject
Global
	GlobalSection(SolutionConfigurationPlatforms) = preSolution
		Debug|Any CPU = Debug|Any CPU
		Release|Any CPU = Release|Any CPU
	EndGlobalSection
	GlobalSection(ProjectConfigurationPlatforms) = postSolution
		{A149694D-D891-4E90-8EDE-C5C1A558629A}.Debug|Any CPU.ActiveCfg = Debug|Any CPU
		{A149694D-D891-4E90-8EDE-C5C1A558629A}.Debug|Any CPU.Build.0 = Debug|Any CPU
		{A149694D-D891-4E90-8EDE-C5C1A558629A}.Release|Any CPU.ActiveCfg = Release|Any CPU
		{A149694D-D891-4E90-8EDE-C5C1A558629A}.Release|Any CPU.Build.0 = Release|Any CPU
	EndGlobalSection
	GlobalSection(SolutionProperties) = preSolution
		HideSolutionNode = FALSE
	EndGlobalSection
	GlobalSection(ExtensibilityGlobals) = postSolution
		SolutionGuid = {DDA3DA68-80DE-43C9-8C6B-DD2F3BAC385C}
	EndGlobalSection
EndGlobal
